{
  "requires": true,
  "lockfileVersion": 1,
  "dependencies": {
    "@webcomponents/template": {
      "version": "github:webcomponents/template#8940a47731ec652c803c86f31f90821ec592494c",
      "from": "github:webcomponents/template#force"
    },
    "lit-html": {
      "version": "1.0.0",
      "resolved": "https://registry.npmjs.org/lit-html/-/lit-html-1.0.0.tgz",
      "integrity": "sha512-oeWlpLmBW3gFl7979Wol2LKITpmKTUFNn7PnFbh6YNynF61W74l6x5WhwItAwPRSATpexaX1egNnRzlN4GOtfQ=="
    }
  }
}
